
Microsoft Visual Studio Solution File, Format Version 12.00
# Visual Studio Version 17
VisualStudioVersion = 17.7.34031.279
MinimumVisualStudioVersion = 10.0.40219.1
Project("{FAE04EC0-301F-11D3-BF4B-00C04F79EFBC}") = "csharp-lista-indirizzi", "csharp-lista-indirizzi\csharp-lista-indirizzi.csproj", "{6F84CA05-EFC9-4701-A952-69351945D5C5}"
EndProject
Global
	GlobalSection(SolutionConfigurationPlatforms) = preSolution
		Debug|Any CPU = Debug|Any CPU
		Release|Any CPU = Release|Any CPU
	EndGlobalSection
	GlobalSection(ProjectConfigurationPlatforms) = postSolution
		{6F84CA05-EFC9-4701-A952-69351945D5C5}.Debug|Any CPU.ActiveCfg = Debug|Any CPU
		{6F84CA05-EFC9-4701-A952-69351945D5C5}.Debug|Any CPU.Build.0 = Debug|Any CPU
		{6F84CA05-EFC9-4701-A952-69351945D5C5}.Release|Any CPU.ActiveCfg = Release|Any CPU
		{6F84CA05-EFC9-4701-A952-69351945D5C5}.Release|Any CPU.Build.0 = Release|Any CPU
	EndGlobalSection
	GlobalSection(SolutionProperties) = preSolution
		HideSolutionNode = FALSE
	EndGlobalSection
	GlobalSection(ExtensibilityGlobals) = postSolution
		SolutionGuid = {43346B55-7EFB-4299-AC89-4D913B5439EE}
	EndGlobalSection
EndGlobal
